
Microsoft Visual Studio Solution File, Format Version 12.00
# Visual Studio Version 16
VisualStudioVersion = 16.0.30517.126
MinimumVisualStudioVersion = 10.0.40219.1
Project("{8BC9CEB8-8B4A-11D0-8D11-00A0C91BC942}") = "laba1", "laba1.vcxproj", "{4D62E2BD-7C26-4B6C-98BD-464E50E56324}"
EndProject
Project("{FAE04EC0-301F-11D3-BF4B-00C04F79EFBC}") = "lab1sh", "..\lab1sh\lab1sh.csproj", "{35505C49-87FA-43D3-A9C9-ADDF78FEE207}"
EndProject
Global
	GlobalSection(SolutionConfigurationPlatforms) = preSolution
		Debug|Any CPU = Debug|Any CPU
		Debug|x64 = Debug|x64
		Debug|x86 = Debug|x86
		Release|Any CPU = Release|Any CPU
		Release|x64 = Release|x64
		Release|x86 = Release|x86
	EndGlobalSection
	GlobalSection(ProjectConfigurationPlatforms) = postSolution
		{4D62E2BD-7C26-4B6C-98BD-464E50E56324}.Debug|Any CPU.ActiveCfg = Debug|Win32
		{4D62E2BD-7C26-4B6C-98BD-464E50E56324}.Debug|x64.ActiveCfg = Debug|x64
		{4D62E2BD-7C26-4B6C-98BD-464E50E56324}.Debug|x64.Build.0 = Debug|x64
		{4D62E2BD-7C26-4B6C-98BD-464E50E56324}.Debug|x86.ActiveCfg = Debug|Win32
		{4D62E2BD-7C26-4B6C-98BD-464E50E56324}.Debug|x86.Build.0 = Debug|Win32
		{4D62E2BD-7C26-4B6C-98BD-464E50E56324}.Release|Any CPU.ActiveCfg = Release|Win32
		{4D62E2BD-7C26-4B6C-98BD-464E50E56324}.Release|x64.ActiveCfg = Release|x64
		{4D62E2BD-7C26-4B6C-98BD-464E50E56324}.Release|x64.Build.0 = Release|x64
		{4D62E2BD-7C26-4B6C-98BD-464E50E56324}.Release|x86.ActiveCfg = Release|Win32
		{4D62E2BD-7C26-4B6C-98BD-464E50E56324}.Release|x86.Build.0 = Release|Win32
		{35505C49-87FA-43D3-A9C9-ADDF78FEE207}.Debug|Any CPU.ActiveCfg = Debug|Any CPU
		{35505C49-87FA-43D3-A9C9-ADDF78FEE207}.Debug|Any CPU.Build.0 = Debug|Any CPU
		{35505C49-87FA-43D3-A9C9-ADDF78FEE207}.Debug|x64.ActiveCfg = Debug|Any CPU
		{35505C49-87FA-43D3-A9C9-ADDF78FEE207}.Debug|x64.Build.0 = Debug|Any CPU
		{35505C49-87FA-43D3-A9C9-ADDF78FEE207}.Debug|x86.ActiveCfg = Debug|Any CPU
		{35505C49-87FA-43D3-A9C9-ADDF78FEE207}.Debug|x86.Build.0 = Debug|Any CPU
		{35505C49-87FA-43D3-A9C9-ADDF78FEE207}.Release|Any CPU.ActiveCfg = Release|Any CPU
		{35505C49-87FA-43D3-A9C9-ADDF78FEE207}.Release|Any CPU.Build.0 = Release|Any CPU
		{35505C49-87FA-43D3-A9C9-ADDF78FEE207}.Release|x64.ActiveCfg = Release|Any CPU
		{35505C49-87FA-43D3-A9C9-ADDF78FEE207}.Release|x64.Build.0 = Release|Any CPU
		{35505C49-87FA-43D3-A9C9-ADDF78FEE207}.Release|x86.ActiveCfg = Release|Any CPU
		{35505C49-87FA-43D3-A9C9-ADDF78FEE207}.Release|x86.Build.0 = Release|Any CPU
	EndGlobalSection
	GlobalSection(SolutionProperties) = preSolution
		HideSolutionNode = FALSE
	EndGlobalSection
	GlobalSection(ExtensibilityGlobals) = postSolution
		SolutionGuid = {94B8CB7C-80B7-4E15-B32B-E735BB3E1079}
	EndGlobalSection
EndGlobal
